
Microsoft Visual Studio Solution File, Format Version 12.00
# Visual Studio Version 16
VisualStudioVersion = 16.0.31624.102
MinimumVisualStudioVersion = 10.0.40219.1
Project("{FAE04EC0-301F-11D3-BF4B-00C04F79EFBC}") = "PersonProject", "PersonProject.csproj", "{D560F093-2737-42C9-AA10-5185B57EF42C}"
EndProject
Global
	GlobalSection(SolutionConfigurationPlatforms) = preSolution
		Debug|Any CPU = Debug|Any CPU
		Release|Any CPU = Release|Any CPU
	EndGlobalSection
	GlobalSection(ProjectConfigurationPlatforms) = postSolution
		{D560F093-2737-42C9-AA10-5185B57EF42C}.Debug|Any CPU.ActiveCfg = Debug|Any CPU
		{D560F093-2737-42C9-AA10-5185B57EF42C}.Debug|Any CPU.Build.0 = Debug|Any CPU
		{D560F093-2737-42C9-AA10-5185B57EF42C}.Release|Any CPU.ActiveCfg = Release|Any CPU
		{D560F093-2737-42C9-AA10-5185B57EF42C}.Release|Any CPU.Build.0 = Release|Any CPU
	EndGlobalSection
	GlobalSection(SolutionProperties) = preSolution
		HideSolutionNode = FALSE
	EndGlobalSection
	GlobalSection(ExtensibilityGlobals) = postSolution
		SolutionGuid = {7BD7DA5C-561B-4208-AC1C-4D45E2D8AE2F}
	EndGlobalSection
EndGlobal
